
Microsoft Visual Studio Solution File, Format Version 12.00
# Visual Studio Version 16
VisualStudioVersion = 16.0.31025.194
MinimumVisualStudioVersion = 10.0.40219.1
Project("{8BC9CEB8-8B4A-11D0-8D11-00A0C91BC942}") = "Exercise4_1", "Exercise4_1\Exercise4_1.vcxproj", "{35CEFDE4-79E7-4724-B39A-4F56C003DFE4}"
EndProject
Global
	GlobalSection(SolutionConfigurationPlatforms) = preSolution
		Debug|x64 = Debug|x64
		Debug|x86 = Debug|x86
		Release|x64 = Release|x64
		Release|x86 = Release|x86
	EndGlobalSection
	GlobalSection(ProjectConfigurationPlatforms) = postSolution
		{35CEFDE4-79E7-4724-B39A-4F56C003DFE4}.Debug|x64.ActiveCfg = Debug|x64
		{35CEFDE4-79E7-4724-B39A-4F56C003DFE4}.Debug|x64.Build.0 = Debug|x64
		{35CEFDE4-79E7-4724-B39A-4F56C003DFE4}.Debug|x86.ActiveCfg = Debug|Win32
		{35CEFDE4-79E7-4724-B39A-4F56C003DFE4}.Debug|x86.Build.0 = Debug|Win32
		{35CEFDE4-79E7-4724-B39A-4F56C003DFE4}.Release|x64.ActiveCfg = Release|x64
		{35CEFDE4-79E7-4724-B39A-4F56C003DFE4}.Release|x64.Build.0 = Release|x64
		{35CEFDE4-79E7-4724-B39A-4F56C003DFE4}.Release|x86.ActiveCfg = Release|Win32
		{35CEFDE4-79E7-4724-B39A-4F56C003DFE4}.Release|x86.Build.0 = Release|Win32
	EndGlobalSection
	GlobalSection(SolutionProperties) = preSolution
		HideSolutionNode = FALSE
	EndGlobalSection
	GlobalSection(ExtensibilityGlobals) = postSolution
		SolutionGuid = {108CC7EC-CC4F-4FD2-9131-644490097EE5}
	EndGlobalSection
EndGlobal
